
Microsoft Visual Studio Solution File, Format Version 12.00
# Visual Studio Version 17
VisualStudioVersion = 17.0.31903.59
MinimumVisualStudioVersion = 10.0.40219.1
Project("{9A19103F-16F7-4668-BE54-9A1E7A4F7556}") = "SampleNuget", "SampleNuget.csproj", "{F78CB414-6B3E-46E2-BCA3-EAFAB00FFF05}"
EndProject
Global
	GlobalSection(SolutionConfigurationPlatforms) = preSolution
		Debug|Any CPU = Debug|Any CPU
		Release|Any CPU = Release|Any CPU
	EndGlobalSection
	GlobalSection(ProjectConfigurationPlatforms) = postSolution
		{F78CB414-6B3E-46E2-BCA3-EAFAB00FFF05}.Debug|Any CPU.ActiveCfg = Debug|Any CPU
		{F78CB414-6B3E-46E2-BCA3-EAFAB00FFF05}.Debug|Any CPU.Build.0 = Debug|Any CPU
		{F78CB414-6B3E-46E2-BCA3-EAFAB00FFF05}.Release|Any CPU.ActiveCfg = Release|Any CPU
		{F78CB414-6B3E-46E2-BCA3-EAFAB00FFF05}.Release|Any CPU.Build.0 = Release|Any CPU
	EndGlobalSection
	GlobalSection(SolutionProperties) = preSolution
		HideSolutionNode = FALSE
	EndGlobalSection
EndGlobal
